// !$*UTF8*$!
{
	archiveVersion = 1;
	classes = {
	};
	objectVersion = 50;
	objects = {

/* Begin PBXBuildFile section */
		03A5CD4B28FD224E008D3B4D /* AppDelegate.swift in Sources */ = {isa = PBXBuildFile; fileRef = 03A5CD4A28FD224E008D3B4D /* AppDelegate.swift */; };
		03A5CD4D28FD224E008D3B4D /* SceneDelegate.swift in Sources */ = {isa = PBXBuildFile; fileRef = 03A5CD4C28FD224E008D3B4D /* SceneDelegate.swift */; };
		03A5CD4F28FD224E008D3B4D /* ViewController.swift in Sources */ = {isa = PBXBuildFile; fileRef = 03A5CD4E28FD224E008D3B4D /* ViewController.swift */; };
		03A5CD5228FD224E008D3B4D /* Main.storyboard in Resources */ = {isa = PBXBuildFile; fileRef = 03A5CD5028FD224E008D3B4D /* Main.storyboard */; };
		03A5CD5528FD224E008D3B4D /* ContactListPro.xcdatamodeld in Sources */ = {isa = PBXBuildFile; fileRef = 03A5CD5328FD224E008D3B4D /* ContactListPro.xcdatamodeld */; };
		03A5CD5728FD224F008D3B4D /* Assets.xcassets in Resources */ = {isa = PBXBuildFile; fileRef = 03A5CD5628FD224F008D3B4D /* Assets.xcassets */; };
		03A5CD5A28FD224F008D3B4D /* LaunchScreen.storyboard in Resources */ = {isa = PBXBuildFile; fileRef = 03A5CD5828FD224F008D3B4D /* LaunchScreen.storyboard */; };
		03A5CD6228FD2507008D3B4D /* CustomTableViewCell.swift in Sources */ = {isa = PBXBuildFile; fileRef = 03A5CD6128FD2507008D3B4D /* CustomTableViewCell.swift */; };
		03A91CA92910D80100787CED /* ContactsData+CoreDataClass.swift in Sources */ = {isa = PBXBuildFile; fileRef = 03A91CA72910D80100787CED /* ContactsData+CoreDataClass.swift */; };
		03A91CAA2910D80100787CED /* ContactsData+CoreDataProperties.swift in Sources */ = {isa = PBXBuildFile; fileRef = 03A91CA82910D80100787CED /* ContactsData+CoreDataProperties.swift */; };
		03A91CAC2910D89100787CED /* PersistantStorage.swift in Sources */ = {isa = PBXBuildFile; fileRef = 03A91CAB2910D89100787CED /* PersistantStorage.swift */; };
		03E54AC92904FC6B008E5314 /* SeocndViewController.swift in Sources */ = {isa = PBXBuildFile; fileRef = 03E54AC82904FC6B008E5314 /* SeocndViewController.swift */; };
		03E54ACB290505E2008E5314 /* ContactAddViewController.swift in Sources */ = {isa = PBXBuildFile; fileRef = 03E54ACA290505E2008E5314 /* ContactAddViewController.swift */; };
/* End PBXBuildFile section */

/* Begin PBXFileReference section */
		03A5CD4728FD224E008D3B4D /* ContactListPro.app */ = {isa = PBXFileReference; explicitFileType = wrapper.application; includeInIndex = 0; path = ContactListPro.app; sourceTree = BUILT_PRODUCTS_DIR; };
		03A5CD4A28FD224E008D3B4D /* AppDelegate.swift */ = {isa = PBXFileReference; lastKnownFileType = sourcecode.swift; path = AppDelegate.swift; sourceTree = "<group>"; };
		03A5CD4C28FD224E008D3B4D /* SceneDelegate.swift */ = {isa = PBXFileReference; lastKnownFileType = sourcecode.swift; path = SceneDelegate.swift; sourceTree = "<group>"; };
		03A5CD4E28FD224E008D3B4D /* ViewController.swift */ = {isa = PBXFileReference; lastKnownFileType = sourcecode.swift; path = ViewController.swift; sourceTree = "<group>"; };
		03A5CD5128FD224E008D3B4D /* Base */ = {isa = PBXFileReference; lastKnownFileType = file.storyboard; name = Base; path = Base.lproj/Main.storyboard; sourceTree = "<group>"; };
		03A5CD5428FD224E008D3B4D /* ContactListPro.xcdatamodel */ = {isa = PBXFileReference; lastKnownFileType = wrapper.xcdatamodel; path = ContactListPro.xcdatamodel; sourceTree = "<group>"; };
		03A5CD5628FD224F008D3B4D /* Assets.xcassets */ = {isa = PBXFileReference; lastKnownFileType = folder.assetcatalog; path = Assets.xcassets; sourceTree = "<group>"; };
		03A5CD5928FD224F008D3B4D /* Base */ = {isa = PBXFileReference; lastKnownFileType = file.storyboard; name = Base; path = Base.lproj/LaunchScreen.storyboard; sourceTree = "<group>"; };
		03A5CD5B28FD224F008D3B4D /* Info.plist */ = {isa = PBXFileReference; lastKnownFileType = text.plist.xml; path = Info.plist; sourceTree = "<group>"; };
		03A5CD6128FD2507008D3B4D /* CustomTableViewCell.swift */ = {isa = PBXFileReference; lastKnownFileType = sourcecode.swift; path = CustomTableViewCell.swift; sourceTree = "<group>"; };
		03A91CA72910D80100787CED /* ContactsData+CoreDataClass.swift */ = {isa = PBXFileReference; lastKnownFileType = sourcecode.swift; path = "ContactsData+CoreDataClass.swift"; sourceTree = "<group>"; };
		03A91CA82910D80100787CED /* ContactsData+CoreDataProperties.swift */ = {isa = PBXFileReference; lastKnownFileType = sourcecode.swift; path = "ContactsData+CoreDataProperties.swift"; sourceTree = "<group>"; };
		03A91CAB2910D89100787CED /* PersistantStorage.swift */ = {isa = PBXFileReference; lastKnownFileType = sourcecode.swift; path = PersistantStorage.swift; sourceTree = "<group>"; };
		03E54AC82904FC6B008E5314 /* SeocndViewController.swift */ = {isa = PBXFileReference; lastKnownFileType = sourcecode.swift; path = SeocndViewController.swift; sourceTree = "<group>"; };
		03E54ACA290505E2008E5314 /* ContactAddViewController.swift */ = {isa = PBXFileReference; lastKnownFileType = sourcecode.swift; path = ContactAddViewController.swift; sourceTree = "<group>"; };
/* End PBXFileReference section */

/* Begin PBXFrameworksBuildPhase section */
		03A5CD4428FD224E008D3B4D /* Frameworks */ = {
			isa = PBXFrameworksBuildPhase;
			buildActionMask = 2147483647;
			files = (
			);
			runOnlyForDeploymentPostprocessing = 0;
		};
/* End PBXFrameworksBuildPhase section */

/* Begin PBXGroup section */
		03A5CD3E28FD224E008D3B4D = {
			isa = PBXGroup;
			children = (
				03A5CD4928FD224E008D3B4D /* ContactListPro */,
				03A5CD4828FD224E008D3B4D /* Products */,
			);
			sourceTree = "<group>";
		};
		03A5CD4828FD224E008D3B4D /* Products */ = {
			isa = PBXGroup;
			children = (
				03A5CD4728FD224E008D3B4D /* ContactListPro.app */,
			);
			name = Products;
			sourceTree = "<group>";
		};
		03A5CD4928FD224E008D3B4D /* ContactListPro */ = {
			isa = PBXGroup;
			children = (
				03A91CA62910D45400787CED /* Supportfiles */,
				03A5CD4A28FD224E008D3B4D /* AppDelegate.swift */,
				03A5CD4C28FD224E008D3B4D /* SceneDelegate.swift */,
				03A5CD4E28FD224E008D3B4D /* ViewController.swift */,
				03A5CD5028FD224E008D3B4D /* Main.storyboard */,
				03A5CD5628FD224F008D3B4D /* Assets.xcassets */,
				03A5CD5828FD224F008D3B4D /* LaunchScreen.storyboard */,
				03A5CD5B28FD224F008D3B4D /* Info.plist */,
				03A5CD5328FD224E008D3B4D /* ContactListPro.xcdatamodeld */,
				03A5CD6128FD2507008D3B4D /* CustomTableViewCell.swift */,
				03E54AC82904FC6B008E5314 /* SeocndViewController.swift */,
				03E54ACA290505E2008E5314 /* ContactAddViewController.swift */,
			);
			path = ContactListPro;
			sourceTree = "<group>";
		};
		03A91CA62910D45400787CED /* Supportfiles */ = {
			isa = PBXGroup;
			children = (
				03A91CA82910D80100787CED /* ContactsData+CoreDataProperties.swift */,
				03A91CA72910D80100787CED /* ContactsData+CoreDataClass.swift */,
				03A91CAB2910D89100787CED /* PersistantStorage.swift */,
			);
			path = Supportfiles;
			sourceTree = "<group>";
		};
/* End PBXGroup section */

/* Begin PBXNativeTarget section */
		03A5CD4628FD224E008D3B4D /* ContactListPro */ = {
			isa = PBXNativeTarget;
			buildConfigurationList = 03A5CD5E28FD224F008D3B4D /* Build configuration list for PBXNativeTarget "ContactListPro" */;
			buildPhases = (
				03A5CD4328FD224E008D3B4D /* Sources */,
				03A5CD4428FD224E008D3B4D /* Frameworks */,
				03A5CD4528FD224E008D3B4D /* Resources */,
			);
			buildRules = (
			);
			dependencies = (
			);
			name = ContactListPro;
			productName = ContactListPro;
			productReference = 03A5CD4728FD224E008D3B4D /* ContactListPro.app */;
			productType = "com.apple.product-type.application";
		};
/* End PBXNativeTarget section */

/* Begin PBXProject section */
		03A5CD3F28FD224E008D3B4D /* Project object */ = {
			isa = PBXProject;
			attributes = {
				LastSwiftUpdateCheck = 1250;
				LastUpgradeCheck = 1250;
				TargetAttributes = {
					03A5CD4628FD224E008D3B4D = {
						CreatedOnToolsVersion = 12.5.1;
					};
				};
			};
			buildConfigurationList = 03A5CD4228FD224E008D3B4D /* Build configuration list for PBXProject "ContactListPro" */;
			compatibilityVersion = "Xcode 9.3";
			developmentRegion = en;
			hasScannedForEncodings = 0;
			knownRegions = (
				en,
				Base,
			);
			mainGroup = 03A5CD3E28FD224E008D3B4D;
			productRefGroup = 03A5CD4828FD224E008D3B4D /* Products */;
			projectDirPath = "";
			projectRoot = "";
			targets = (
				03A5CD4628FD224E008D3B4D /* ContactListPro */,
			);
		};
/* End PBXProject section */

/* Begin PBXResourcesBuildPhase section */
		03A5CD4528FD224E008D3B4D /* Resources */ = {
			isa = PBXResourcesBuildPhase;
			buildActionMask = 2147483647;
			files = (
				03A5CD5A28FD224F008D3B4D /* LaunchScreen.storyboard in Resources */,
				03A5CD5728FD224F008D3B4D /* Assets.xcassets in Resources */,
				03A5CD5228FD224E008D3B4D /* Main.storyboard in Resources */,
			);
			runOnlyForDeploymentPostprocessing = 0;
		};
/* End PBXResourcesBuildPhase section */

/* Begin PBXSourcesBuildPhase section */
		03A5CD4328FD224E008D3B4D /* Sources */ = {
			isa = PBXSourcesBuildPhase;
			buildActionMask = 2147483647;
			files = (
				03A91CA92910D80100787CED /* ContactsData+CoreDataClass.swift in Sources */,
				03E54AC92904FC6B008E5314 /* SeocndViewController.swift in Sources */,
				03A91CAA2910D80100787CED /* ContactsData+CoreDataProperties.swift in Sources */,
				03A5CD5528FD224E008D3B4D /* ContactListPro.xcdatamodeld in Sources */,
				03A91CAC2910D89100787CED /* PersistantStorage.swift in Sources */,
				03A5CD6228FD2507008D3B4D /* CustomTableViewCell.swift in Sources */,
				03A5CD4F28FD224E008D3B4D /* ViewController.swift in Sources */,
				03A5CD4B28FD224E008D3B4D /* AppDelegate.swift in Sources */,
				03A5CD4D28FD224E008D3B4D /* SceneDelegate.swift in Sources */,
				03E54ACB290505E2008E5314 /* ContactAddViewController.swift in Sources */,
			);
			runOnlyForDeploymentPostprocessing = 0;
		};
/* End PBXSourcesBuildPhase section */

/* Begin PBXVariantGroup section */
		03A5CD5028FD224E008D3B4D /* Main.storyboard */ = {
			isa = PBXVariantGroup;
			children = (
				03A5CD5128FD224E008D3B4D /* Base */,
			);
			name = Main.storyboard;
			sourceTree = "<group>";
		};
		03A5CD5828FD224F008D3B4D /* LaunchScreen.storyboard */ = {
			isa = PBXVariantGroup;
			children = (
				03A5CD5928FD224F008D3B4D /* Base */,
			);
			name = LaunchScreen.storyboard;
			sourceTree = "<group>";
		};
/* End PBXVariantGroup section */

/* Begin XCBuildConfiguration section */
		03A5CD5C28FD224F008D3B4D /* Debug */ = {
			isa = XCBuildConfiguration;
			buildSettings = {
				ALWAYS_SEARCH_USER_PATHS = NO;
				CLANG_ANALYZER_NONNULL = YES;
				CLANG_ANALYZER_NUMBER_OBJECT_CONVERSION = YES_AGGRESSIVE;
				CLANG_CXX_LANGUAGE_STANDARD = "gnu++14";
				CLANG_CXX_LIBRARY = "libc++";
				CLANG_ENABLE_MODULES = YES;
				CLANG_ENABLE_OBJC_ARC = YES;
				CLANG_ENABLE_OBJC_WEAK = YES;
				CLANG_WARN_BLOCK_CAPTURE_AUTORELEASING = YES;
				CLANG_WARN_BOOL_CONVERSION = YES;
				CLANG_WARN_COMMA = YES;
				CLANG_WARN_CONSTANT_CONVERSION = YES;
				CLANG_WARN_DEPRECATED_OBJC_IMPLEMENTATIONS = YES;
				CLANG_WARN_DIRECT_OBJC_ISA_USAGE = YES_ERROR;
				CLANG_WARN_DOCUMENTATION_COMMENTS = YES;
				CLANG_WARN_EMPTY_BODY = YES;
				CLANG_WARN_ENUM_CONVERSION = YES;
				CLANG_WARN_INFINITE_RECURSION = YES;
				CLANG_WARN_INT_CONVERSION = YES;
				CLANG_WARN_NON_LITERAL_NULL_CONVERSION = YES;
				CLANG_WARN_OBJC_IMPLICIT_RETAIN_SELF = YES;
				CLANG_WARN_OBJC_LITERAL_CONVERSION = YES;
				CLANG_WARN_OBJC_ROOT_CLASS = YES_ERROR;
				CLANG_WARN_QUOTED_INCLUDE_IN_FRAMEWORK_HEADER = YES;
				CLANG_WARN_RANGE_LOOP_ANALYSIS = YES;
				CLANG_WARN_STRICT_PROTOTYPES = YES;
				CLANG_WARN_SUSPICIOUS_MOVE = YES;
				CLANG_WARN_UNGUARDED_AVAILABILITY = YES_AGGRESSIVE;
				CLANG_WARN_UNREACHABLE_CODE = YES;
				CLANG_WARN__DUPLICATE_METHOD_MATCH = YES;
				COPY_PHASE_STRIP = NO;
				DEBUG_INFORMATION_FORMAT = dwarf;
				ENABLE_STRICT_OBJC_MSGSEND = YES;
				ENABLE_TESTABILITY = YES;
				GCC_C_LANGUAGE_STANDARD = gnu11;
				GCC_DYNAMIC_NO_PIC = NO;
				GCC_NO_COMMON_BLOCKS = YES;
				GCC_OPTIMIZATION_LEVEL = 0;
				GCC_PREPROCESSOR_DEFINITIONS = (
					"DEBUG=1",
					"$(inherited)",
				);
				GCC_WARN_64_TO_32_BIT_CONVERSION = YES;
				GCC_WARN_ABOUT_RETURN_TYPE = YES_ERROR;
				GCC_WARN_UNDECLARED_SELECTOR = YES;
				GCC_WARN_UNINITIALIZED_AUTOS = YES_AGGRESSIVE;
				GCC_WARN_UNUSED_FUNCTION = YES;
				GCC_WARN_UNUSED_VARIABLE = YES;
				IPHONEOS_DEPLOYMENT_TARGET = 14.5;
				MTL_ENABLE_DEBUG_INFO = INCLUDE_SOURCE;
				MTL_FAST_MATH = YES;
				ONLY_ACTIVE_ARCH = YES;
				SDKROOT = iphoneos;
				SWIFT_ACTIVE_COMPILATION_CONDITIONS = DEBUG;
				SWIFT_OPTIMIZATION_LEVEL = "-Onone";
			};
			name = Debug;
		};
		03A5CD5D28FD224F008D3B4D /* Release */ = {
			isa = XCBuildConfiguration;
			buildSettings = {
				ALWAYS_SEARCH_USER_PATHS = NO;
				CLANG_ANALYZER_NONNULL = YES;
				CLANG_ANALYZER_NUMBER_OBJECT_CONVERSION = YES_AGGRESSIVE;
				CLANG_CXX_LANGUAGE_STANDARD = "gnu++14";
				CLANG_CXX_LIBRARY = "libc++";
				CLANG_ENABLE_MODULES = YES;
				CLANG_ENABLE_OBJC_ARC = YES;
				CLANG_ENABLE_OBJC_WEAK = YES;
				CLANG_WARN_BLOCK_CAPTURE_AUTORELEASING = YES;
				CLANG_WARN_BOOL_CONVERSION = YES;
				CLANG_WARN_COMMA = YES;
				CLANG_WARN_CONSTANT_CONVERSION = YES;
				CLANG_WARN_DEPRECATED_OBJC_IMPLEMENTATIONS = YES;
				CLANG_WARN_DIRECT_OBJC_ISA_USAGE = YES_ERROR;
				CLANG_WARN_DOCUMENTATION_COMMENTS = YES;
				CLANG_WARN_EMPTY_BODY = YES;
				CLANG_WARN_ENUM_CONVERSION = YES;
				CLANG_WARN_INFINITE_RECURSION = YES;
				CLANG_WARN_INT_CONVERSION = YES;
				CLANG_WARN_NON_LITERAL_NULL_CONVERSION = YES;
				CLANG_WARN_OBJC_IMPLICIT_RETAIN_SELF = YES;
				CLANG_WARN_OBJC_LITERAL_CONVERSION = YES;
				CLANG_WARN_OBJC_ROOT_CLASS = YES_ERROR;
				CLANG_WARN_QUOTED_INCLUDE_IN_FRAMEWORK_HEADER = YES;
				CLANG_WARN_RANGE_LOOP_ANALYSIS = YES;
				CLANG_WARN_STRICT_PROTOTYPES = YES;
				CLANG_WARN_SUSPICIOUS_MOVE = YES;
				CLANG_WARN_UNGUARDED_AVAILABILITY = YES_AGGRESSIVE;
				CLANG_WARN_UNREACHABLE_CODE = YES;
				CLANG_WARN__DUPLICATE_METHOD_MATCH = YES;
				COPY_PHASE_STRIP = NO;
				DEBUG_INFORMATION_FORMAT = "dwarf-with-dsym";
				ENABLE_NS_ASSERTIONS = NO;
				ENABLE_STRICT_OBJC_MSGSEND = YES;
				GCC_C_LANGUAGE_STANDARD = gnu11;
				GCC_NO_COMMON_BLOCKS = YES;
				GCC_WARN_64_TO_32_BIT_CONVERSION = YES;
				GCC_WARN_ABOUT_RETURN_TYPE = YES_ERROR;
				GCC_WARN_UNDECLARED_SELECTOR = YES;
				GCC_WARN_UNINITIALIZED_AUTOS = YES_AGGRESSIVE;
				GCC_WARN_UNUSED_FUNCTION = YES;
				GCC_WARN_UNUSED_VARIABLE = YES;
				IPHONEOS_DEPLOYMENT_TARGET = 14.5;
				MTL_ENABLE_DEBUG_INFO = NO;
				MTL_FAST_MATH = YES;
				SDKROOT = iphoneos;
				SWIFT_COMPILATION_MODE = wholemodule;
				SWIFT_OPTIMIZATION_LEVEL = "-O";
				VALIDATE_PRODUCT = YES;
			};
			name = Release;
		};
		03A5CD5F28FD224F008D3B4D /* Debug */ = {
			isa = XCBuildConfiguration;
			buildSettings = {
				ASSETCATALOG_COMPILER_APPICON_NAME = AppIcon;
				ASSETCATALOG_COMPILER_GLOBAL_ACCENT_COLOR_NAME = AccentColor;
				CODE_SIGN_STYLE = Automatic;
				DEVELOPMENT_TEAM = 92L57X7YGH;
				INFOPLIST_FILE = ContactListPro/Info.plist;
				LD_RUNPATH_SEARCH_PATHS = (
					"$(inherited)",
					"@executable_path/Frameworks",
				);
				PRODUCT_BUNDLE_IDENTIFIER = com.kabir.testproject2.ContactListPro;
				PRODUCT_NAME = "$(TARGET_NAME)";
				SWIFT_VERSION = 5.0;
				TARGETED_DEVICE_FAMILY = "1,2";
			};
			name = Debug;
		};
		03A5CD6028FD224F008D3B4D /* Release */ = {
			isa = XCBuildConfiguration;
			buildSettings = {
				ASSETCATALOG_COMPILER_APPICON_NAME = AppIcon;
				ASSETCATALOG_COMPILER_GLOBAL_ACCENT_COLOR_NAME = AccentColor;
				CODE_SIGN_STYLE = Automatic;
				DEVELOPMENT_TEAM = 92L57X7YGH;
				INFOPLIST_FILE = ContactListPro/Info.plist;
				LD_RUNPATH_SEARCH_PATHS = (
					"$(inherited)",
					"@executable_path/Frameworks",
				);
				PRODUCT_BUNDLE_IDENTIFIER = com.kabir.testproject2.ContactListPro;
				PRODUCT_NAME = "$(TARGET_NAME)";
				SWIFT_VERSION = 5.0;
				TARGETED_DEVICE_FAMILY = "1,2";
			};
			name = Release;
		};
/* End XCBuildConfiguration section */

/* Begin XCConfigurationList section */
		03A5CD4228FD224E008D3B4D /* Build configuration list for PBXProject "ContactListPro" */ = {
			isa = XCConfigurationList;
			buildConfigurations = (
				03A5CD5C28FD224F008D3B4D /* Debug */,
				03A5CD5D28FD224F008D3B4D /* Release */,
			);
			defaultConfigurationIsVisible = 0;
			defaultConfigurationName = Release;
		};
		03A5CD5E28FD224F008D3B4D /* Build configuration list for PBXNativeTarget "ContactListPro" */ = {
			isa = XCConfigurationList;
			buildConfigurations = (
				03A5CD5F28FD224F008D3B4D /* Debug */,
				03A5CD6028FD224F008D3B4D /* Release */,
			);
			defaultConfigurationIsVisible = 0;
			defaultConfigurationName = Release;
		};
/* End XCConfigurationList section */

/* Begin XCVersionGroup section */
		03A5CD5328FD224E008D3B4D /* ContactListPro.xcdatamodeld */ = {
			isa = XCVersionGroup;
			children = (
				03A5CD5428FD224E008D3B4D /* ContactListPro.xcdatamodel */,
			);
			currentVersion = 03A5CD5428FD224E008D3B4D /* ContactListPro.xcdatamodel */;
			path = ContactListPro.xcdatamodeld;
			sourceTree = "<group>";
			versionGroupType = wrapper.xcdatamodel;
		};
/* End XCVersionGroup section */
	};
	rootObject = 03A5CD3F28FD224E008D3B4D /* Project object */;
}
